
Microsoft Visual Studio Solution File, Format Version 12.00
# Visual Studio Version 17
VisualStudioVersion = 17.10.35122.118
MinimumVisualStudioVersion = 10.0.40219.1
Project("{FAE04EC0-301F-11D3-BF4B-00C04F79EFBC}") = "CookBook", "CookBook\CookBook.csproj", "{F2D3810A-8C9A-4C90-9193-920CF50B0F15}"
EndProject
Global
	GlobalSection(SolutionConfigurationPlatforms) = preSolution
		Debug|Any CPU = Debug|Any CPU
		Release|Any CPU = Release|Any CPU
	EndGlobalSection
	GlobalSection(ProjectConfigurationPlatforms) = postSolution
		{F2D3810A-8C9A-4C90-9193-920CF50B0F15}.Debug|Any CPU.ActiveCfg = Debug|Any CPU
		{F2D3810A-8C9A-4C90-9193-920CF50B0F15}.Debug|Any CPU.Build.0 = Debug|Any CPU
		{F2D3810A-8C9A-4C90-9193-920CF50B0F15}.Release|Any CPU.ActiveCfg = Release|Any CPU
		{F2D3810A-8C9A-4C90-9193-920CF50B0F15}.Release|Any CPU.Build.0 = Release|Any CPU
	EndGlobalSection
	GlobalSection(SolutionProperties) = preSolution
		HideSolutionNode = FALSE
	EndGlobalSection
	GlobalSection(ExtensibilityGlobals) = postSolution
		SolutionGuid = {C7C3C361-7DB1-4A4A-8CAD-1F074490F481}
	EndGlobalSection
EndGlobal
